// !$*UTF8*$!
{
	archiveVersion = 1;
	classes = {
	};
	objectVersion = 46;
	objects = {

/* Begin PBXBuildFile section */
		DD0C07EE19083B6A00E7D6B2 /* Foundation.framework in Frameworks */ = {isa = PBXBuildFile; fileRef = DD0C07ED19083B6A00E7D6B2 /* Foundation.framework */; };
		DD0C07F019083B6A00E7D6B2 /* CoreGraphics.framework in Frameworks */ = {isa = PBXBuildFile; fileRef = DD0C07EF19083B6A00E7D6B2 /* CoreGraphics.framework */; };
		DD0C07F219083B6B00E7D6B2 /* UIKit.framework in Frameworks */ = {isa = PBXBuildFile; fileRef = DD0C07F119083B6B00E7D6B2 /* UIKit.framework */; };
		DD0C07F819083B6B00E7D6B2 /* InfoPlist.strings in Resources */ = {isa = PBXBuildFile; fileRef = DD0C07F619083B6B00E7D6B2 /* InfoPlist.strings */; };
		DD0C07FA19083B6B00E7D6B2 /* main.m in Sources */ = {isa = PBXBuildFile; fileRef = DD0C07F919083B6B00E7D6B2 /* main.m */; };
		DD0C07FE19083B6B00E7D6B2 /* MVKAppDelegate.m in Sources */ = {isa = PBXBuildFile; fileRef = DD0C07FD19083B6B00E7D6B2 /* MVKAppDelegate.m */; };
		DD0C080719083B6B00E7D6B2 /* MVKViewController.m in Sources */ = {isa = PBXBuildFile; fileRef = DD0C080619083B6B00E7D6B2 /* MVKViewController.m */; };
		DDAFEE091908413000580F22 /* libllmr-ios.a in Frameworks */ = {isa = PBXBuildFile; fileRef = DDAFEE081908413000580F22 /* libllmr-ios.a */; };
		DDAFEE0F1908439500580F22 /* MBXViewController.mm in Sources */ = {isa = PBXBuildFile; fileRef = DDAFEE0D1908439500580F22 /* MBXViewController.mm */; };
		DDAFEE12190846E900580F22 /* libpng.a in Frameworks */ = {isa = PBXBuildFile; fileRef = DDAFEE11190846E900580F22 /* libpng.a */; };
		DDAFEE141908470F00580F22 /* libz.dylib in Frameworks */ = {isa = PBXBuildFile; fileRef = DDAFEE131908470F00580F22 /* libz.dylib */; };
		DDAFEE17190847F800580F22 /* foundation_request.mm in Sources */ = {isa = PBXBuildFile; fileRef = DDAFEE16190847F800580F22 /* foundation_request.mm */; };
		DDAFEE191908481900580F22 /* libuv.a in Frameworks */ = {isa = PBXBuildFile; fileRef = DDAFEE181908481900580F22 /* libuv.a */; };
		DDC61B6E1922DCC3008248FE /* CoreLocation.framework in Frameworks */ = {isa = PBXBuildFile; fileRef = DDC61B6D1922DCC3008248FE /* CoreLocation.framework */; };
		DDC61B701922DCF2008248FE /* GLKit.framework in Frameworks */ = {isa = PBXBuildFile; fileRef = DDC61B6F1922DCF2008248FE /* GLKit.framework */; };
		DDC61B731922DD7E008248FE /* settings_nsuserdefaults.mm in Sources */ = {isa = PBXBuildFile; fileRef = DDC61B721922DD7E008248FE /* settings_nsuserdefaults.mm */; };
		DDC61B781922E6BA008248FE /* MVKMapView.mm in Sources */ = {isa = PBXBuildFile; fileRef = DDC61B771922E6BA008248FE /* MVKMapView.mm */; };
/* End PBXBuildFile section */

/* Begin PBXFileReference section */
		DD0C07EA19083B6A00E7D6B2 /* VectorKit.app */ = {isa = PBXFileReference; explicitFileType = wrapper.application; includeInIndex = 0; path = VectorKit.app; sourceTree = BUILT_PRODUCTS_DIR; };
		DD0C07ED19083B6A00E7D6B2 /* Foundation.framework */ = {isa = PBXFileReference; lastKnownFileType = wrapper.framework; name = Foundation.framework; path = System/Library/Frameworks/Foundation.framework; sourceTree = SDKROOT; };
		DD0C07EF19083B6A00E7D6B2 /* CoreGraphics.framework */ = {isa = PBXFileReference; lastKnownFileType = wrapper.framework; name = CoreGraphics.framework; path = System/Library/Frameworks/CoreGraphics.framework; sourceTree = SDKROOT; };
		DD0C07F119083B6B00E7D6B2 /* UIKit.framework */ = {isa = PBXFileReference; lastKnownFileType = wrapper.framework; name = UIKit.framework; path = System/Library/Frameworks/UIKit.framework; sourceTree = SDKROOT; };
		DD0C07F519083B6B00E7D6B2 /* VectorKit-Info.plist */ = {isa = PBXFileReference; lastKnownFileType = text.plist.xml; path = "VectorKit-Info.plist"; sourceTree = "<group>"; };
		DD0C07F719083B6B00E7D6B2 /* en */ = {isa = PBXFileReference; lastKnownFileType = text.plist.strings; name = en; path = en.lproj/InfoPlist.strings; sourceTree = "<group>"; };
		DD0C07F919083B6B00E7D6B2 /* main.m */ = {isa = PBXFileReference; lastKnownFileType = sourcecode.c.objc; path = main.m; sourceTree = "<group>"; };
		DD0C07FB19083B6B00E7D6B2 /* VectorKit-Prefix.pch */ = {isa = PBXFileReference; lastKnownFileType = sourcecode.c.h; path = "VectorKit-Prefix.pch"; sourceTree = "<group>"; };
		DD0C07FC19083B6B00E7D6B2 /* MVKAppDelegate.h */ = {isa = PBXFileReference; lastKnownFileType = sourcecode.c.h; path = MVKAppDelegate.h; sourceTree = "<group>"; };
		DD0C07FD19083B6B00E7D6B2 /* MVKAppDelegate.m */ = {isa = PBXFileReference; lastKnownFileType = sourcecode.c.objc; path = MVKAppDelegate.m; sourceTree = "<group>"; };
		DD0C080519083B6B00E7D6B2 /* MVKViewController.h */ = {isa = PBXFileReference; lastKnownFileType = sourcecode.c.h; path = MVKViewController.h; sourceTree = "<group>"; };
		DD0C080619083B6B00E7D6B2 /* MVKViewController.m */ = {isa = PBXFileReference; lastKnownFileType = sourcecode.c.objc; path = MVKViewController.m; sourceTree = "<group>"; };
		DDAFEE081908413000580F22 /* libllmr-ios.a */ = {isa = PBXFileReference; lastKnownFileType = archive.ar; name = "libllmr-ios.a"; path = "../llmr.native/build/Debug-iphoneos/libllmr-ios.a"; sourceTree = "<group>"; };
		DDAFEE0C1908439500580F22 /* MBXViewController.h */ = {isa = PBXFileReference; fileEncoding = 4; lastKnownFileType = sourcecode.c.h; name = MBXViewController.h; path = ../llmr.native/ios/MBXViewController.h; sourceTree = "<group>"; };
		DDAFEE0D1908439500580F22 /* MBXViewController.mm */ = {isa = PBXFileReference; fileEncoding = 4; lastKnownFileType = sourcecode.cpp.objcpp; name = MBXViewController.mm; path = ../llmr.native/ios/MBXViewController.mm; sourceTree = "<group>"; };
		DDAFEE11190846E900580F22 /* libpng.a */ = {isa = PBXFileReference; lastKnownFileType = archive.ar; name = libpng.a; path = "../llmr.native/mapnik-packaging/osx/out/build-cpp11-libcpp-universal/lib/libpng.a"; sourceTree = "<group>"; };
		DDAFEE131908470F00580F22 /* libz.dylib */ = {isa = PBXFileReference; lastKnownFileType = "compiled.mach-o.dylib"; name = libz.dylib; path = usr/lib/libz.dylib; sourceTree = SDKROOT; };
		DDAFEE15190847F800580F22 /* foundation_request.h */ = {isa = PBXFileReference; fileEncoding = 4; lastKnownFileType = sourcecode.c.h; name = foundation_request.h; path = ../llmr.native/common/foundation_request.h; sourceTree = "<group>"; };
		DDAFEE16190847F800580F22 /* foundation_request.mm */ = {isa = PBXFileReference; fileEncoding = 4; lastKnownFileType = sourcecode.cpp.objcpp; name = foundation_request.mm; path = ../llmr.native/common/foundation_request.mm; sourceTree = "<group>"; };
		DDAFEE181908481900580F22 /* libuv.a */ = {isa = PBXFileReference; lastKnownFileType = archive.ar; name = libuv.a; path = "../llmr.native/mapnik-packaging/osx/out/build-cpp11-libcpp-universal/lib/libuv.a"; sourceTree = "<group>"; };
		DDC61B6D1922DCC3008248FE /* CoreLocation.framework */ = {isa = PBXFileReference; lastKnownFileType = wrapper.framework; name = CoreLocation.framework; path = System/Library/Frameworks/CoreLocation.framework; sourceTree = SDKROOT; };
		DDC61B6F1922DCF2008248FE /* GLKit.framework */ = {isa = PBXFileReference; lastKnownFileType = wrapper.framework; name = GLKit.framework; path = System/Library/Frameworks/GLKit.framework; sourceTree = SDKROOT; };
		DDC61B711922DD7E008248FE /* settings_nsuserdefaults.hpp */ = {isa = PBXFileReference; fileEncoding = 4; lastKnownFileType = sourcecode.cpp.h; name = settings_nsuserdefaults.hpp; path = ../llmr.native/common/settings_nsuserdefaults.hpp; sourceTree = "<group>"; };
		DDC61B721922DD7E008248FE /* settings_nsuserdefaults.mm */ = {isa = PBXFileReference; fileEncoding = 4; lastKnownFileType = sourcecode.cpp.objcpp; name = settings_nsuserdefaults.mm; path = ../llmr.native/common/settings_nsuserdefaults.mm; sourceTree = "<group>"; };
		DDC61B761922E6BA008248FE /* MVKMapView.h */ = {isa = PBXFileReference; fileEncoding = 4; lastKnownFileType = sourcecode.c.h; name = MVKMapView.h; path = VectorKit/MVKMapView.h; sourceTree = "<group>"; };
		DDC61B771922E6BA008248FE /* MVKMapView.mm */ = {isa = PBXFileReference; fileEncoding = 4; lastKnownFileType = sourcecode.cpp.objcpp; name = MVKMapView.mm; path = VectorKit/MVKMapView.mm; sourceTree = "<group>"; };
/* End PBXFileReference section */

/* Begin PBXFrameworksBuildPhase section */
		DD0C07E719083B6A00E7D6B2 /* Frameworks */ = {
			isa = PBXFrameworksBuildPhase;
			buildActionMask = 2147483647;
			files = (
				DD0C07F019083B6A00E7D6B2 /* CoreGraphics.framework in Frameworks */,
				DDC61B6E1922DCC3008248FE /* CoreLocation.framework in Frameworks */,
				DD0C07EE19083B6A00E7D6B2 /* Foundation.framework in Frameworks */,
				DDC61B701922DCF2008248FE /* GLKit.framework in Frameworks */,
				DD0C07F219083B6B00E7D6B2 /* UIKit.framework in Frameworks */,
				DDAFEE091908413000580F22 /* libllmr-ios.a in Frameworks */,
				DDAFEE12190846E900580F22 /* libpng.a in Frameworks */,
				DDAFEE191908481900580F22 /* libuv.a in Frameworks */,
				DDAFEE141908470F00580F22 /* libz.dylib in Frameworks */,
			);
			runOnlyForDeploymentPostprocessing = 0;
		};
/* End PBXFrameworksBuildPhase section */

/* Begin PBXGroup section */
		DD0C07E119083B6A00E7D6B2 = {
			isa = PBXGroup;
			children = (
				DD0C07F319083B6B00E7D6B2 /* VectorKit */,
				DD0C07EC19083B6A00E7D6B2 /* Frameworks */,
				DD0C07EB19083B6A00E7D6B2 /* Products */,
			);
			sourceTree = "<group>";
		};
		DD0C07EB19083B6A00E7D6B2 /* Products */ = {
			isa = PBXGroup;
			children = (
				DD0C07EA19083B6A00E7D6B2 /* VectorKit.app */,
			);
			name = Products;
			sourceTree = "<group>";
		};
		DD0C07EC19083B6A00E7D6B2 /* Frameworks */ = {
			isa = PBXGroup;
			children = (
				DD0C07EF19083B6A00E7D6B2 /* CoreGraphics.framework */,
				DDC61B6D1922DCC3008248FE /* CoreLocation.framework */,
				DD0C07ED19083B6A00E7D6B2 /* Foundation.framework */,
				DDC61B6F1922DCF2008248FE /* GLKit.framework */,
				DD0C07F119083B6B00E7D6B2 /* UIKit.framework */,
				DDAFEE081908413000580F22 /* libllmr-ios.a */,
				DDAFEE11190846E900580F22 /* libpng.a */,
				DDAFEE181908481900580F22 /* libuv.a */,
				DDAFEE131908470F00580F22 /* libz.dylib */,
			);
			name = Frameworks;
			sourceTree = "<group>";
		};
		DD0C07F319083B6B00E7D6B2 /* VectorKit */ = {
			isa = PBXGroup;
			children = (
				DD0C07FC19083B6B00E7D6B2 /* MVKAppDelegate.h */,
				DD0C07FD19083B6B00E7D6B2 /* MVKAppDelegate.m */,
				DD0C080519083B6B00E7D6B2 /* MVKViewController.h */,
				DD0C080619083B6B00E7D6B2 /* MVKViewController.m */,
				DDAFEE10190843A000580F22 /* LLMR */,
				DD0C07F419083B6B00E7D6B2 /* Supporting Files */,
			);
			path = VectorKit;
			sourceTree = "<group>";
		};
		DD0C07F419083B6B00E7D6B2 /* Supporting Files */ = {
			isa = PBXGroup;
			children = (
				DD0C07F519083B6B00E7D6B2 /* VectorKit-Info.plist */,
				DD0C07F619083B6B00E7D6B2 /* InfoPlist.strings */,
				DD0C07F919083B6B00E7D6B2 /* main.m */,
				DD0C07FB19083B6B00E7D6B2 /* VectorKit-Prefix.pch */,
			);
			name = "Supporting Files";
			sourceTree = "<group>";
		};
		DDAFEE10190843A000580F22 /* LLMR */ = {
			isa = PBXGroup;
			children = (
				DDAFEE0C1908439500580F22 /* MBXViewController.h */,
				DDAFEE0D1908439500580F22 /* MBXViewController.mm */,
				DDC61B761922E6BA008248FE /* MVKMapView.h */,
				DDC61B771922E6BA008248FE /* MVKMapView.mm */,
				DDAFEE15190847F800580F22 /* foundation_request.h */,
				DDAFEE16190847F800580F22 /* foundation_request.mm */,
				DDC61B711922DD7E008248FE /* settings_nsuserdefaults.hpp */,
				DDC61B721922DD7E008248FE /* settings_nsuserdefaults.mm */,
			);
			name = LLMR;
			path = ..;
			sourceTree = "<group>";
		};
/* End PBXGroup section */

/* Begin PBXNativeTarget section */
		DD0C07E919083B6A00E7D6B2 /* VectorKit */ = {
			isa = PBXNativeTarget;
			buildConfigurationList = DD0C081F19083B6B00E7D6B2 /* Build configuration list for PBXNativeTarget "VectorKit" */;
			buildPhases = (
				DD0C07E619083B6A00E7D6B2 /* Sources */,
				DD0C07E719083B6A00E7D6B2 /* Frameworks */,
				DD0C07E819083B6A00E7D6B2 /* Resources */,
			);
			buildRules = (
			);
			dependencies = (
			);
			name = VectorKit;
			productName = VectorKit;
			productReference = DD0C07EA19083B6A00E7D6B2 /* VectorKit.app */;
			productType = "com.apple.product-type.application";
		};
/* End PBXNativeTarget section */

/* Begin PBXProject section */
		DD0C07E219083B6A00E7D6B2 /* Project object */ = {
			isa = PBXProject;
			attributes = {
				CLASSPREFIX = MVK;
				LastUpgradeCheck = 0510;
				ORGANIZATIONNAME = Mapbox;
			};
			buildConfigurationList = DD0C07E519083B6A00E7D6B2 /* Build configuration list for PBXProject "VectorKit" */;
			compatibilityVersion = "Xcode 3.2";
			developmentRegion = English;
			hasScannedForEncodings = 0;
			knownRegions = (
				en,
				Base,
			);
			mainGroup = DD0C07E119083B6A00E7D6B2;
			productRefGroup = DD0C07EB19083B6A00E7D6B2 /* Products */;
			projectDirPath = "";
			projectRoot = "";
			targets = (
				DD0C07E919083B6A00E7D6B2 /* VectorKit */,
			);
		};
/* End PBXProject section */

/* Begin PBXResourcesBuildPhase section */
		DD0C07E819083B6A00E7D6B2 /* Resources */ = {
			isa = PBXResourcesBuildPhase;
			buildActionMask = 2147483647;
			files = (
				DD0C07F819083B6B00E7D6B2 /* InfoPlist.strings in Resources */,
			);
			runOnlyForDeploymentPostprocessing = 0;
		};
/* End PBXResourcesBuildPhase section */

/* Begin PBXSourcesBuildPhase section */
		DD0C07E619083B6A00E7D6B2 /* Sources */ = {
			isa = PBXSourcesBuildPhase;
			buildActionMask = 2147483647;
			files = (
				DD0C080719083B6B00E7D6B2 /* MVKViewController.m in Sources */,
				DDAFEE0F1908439500580F22 /* MBXViewController.mm in Sources */,
				DDAFEE17190847F800580F22 /* foundation_request.mm in Sources */,
				DDC61B781922E6BA008248FE /* MVKMapView.mm in Sources */,
				DD0C07FA19083B6B00E7D6B2 /* main.m in Sources */,
				DDC61B731922DD7E008248FE /* settings_nsuserdefaults.mm in Sources */,
				DD0C07FE19083B6B00E7D6B2 /* MVKAppDelegate.m in Sources */,
			);
			runOnlyForDeploymentPostprocessing = 0;
		};
/* End PBXSourcesBuildPhase section */

/* Begin PBXVariantGroup section */
		DD0C07F619083B6B00E7D6B2 /* InfoPlist.strings */ = {
			isa = PBXVariantGroup;
			children = (
				DD0C07F719083B6B00E7D6B2 /* en */,
			);
			name = InfoPlist.strings;
			sourceTree = "<group>";
		};
/* End PBXVariantGroup section */

/* Begin XCBuildConfiguration section */
		DD0C081D19083B6B00E7D6B2 /* Debug */ = {
			isa = XCBuildConfiguration;
			buildSettings = {
				ALWAYS_SEARCH_USER_PATHS = NO;
				CLANG_CXX_LANGUAGE_STANDARD = "gnu++0x";
				CLANG_CXX_LIBRARY = "libc++";
				CLANG_ENABLE_MODULES = YES;
				CLANG_ENABLE_OBJC_ARC = YES;
				CLANG_WARN_BOOL_CONVERSION = YES;
				CLANG_WARN_CONSTANT_CONVERSION = YES;
				CLANG_WARN_DIRECT_OBJC_ISA_USAGE = YES_ERROR;
				CLANG_WARN_EMPTY_BODY = YES;
				CLANG_WARN_ENUM_CONVERSION = YES;
				CLANG_WARN_INT_CONVERSION = YES;
				CLANG_WARN_OBJC_ROOT_CLASS = YES_ERROR;
				CLANG_WARN__DUPLICATE_METHOD_MATCH = YES;
				"CODE_SIGN_IDENTITY[sdk=iphoneos*]" = "iPhone Developer";
				COPY_PHASE_STRIP = NO;
				GCC_C_LANGUAGE_STANDARD = gnu99;
				GCC_DYNAMIC_NO_PIC = NO;
				GCC_OPTIMIZATION_LEVEL = 0;
				GCC_PREPROCESSOR_DEFINITIONS = (
					"DEBUG=1",
					"$(inherited)",
				);
				GCC_SYMBOLS_PRIVATE_EXTERN = NO;
				GCC_WARN_64_TO_32_BIT_CONVERSION = YES;
				GCC_WARN_ABOUT_RETURN_TYPE = YES_ERROR;
				GCC_WARN_UNDECLARED_SELECTOR = YES;
				GCC_WARN_UNINITIALIZED_AUTOS = YES_AGGRESSIVE;
				GCC_WARN_UNUSED_FUNCTION = YES;
				GCC_WARN_UNUSED_VARIABLE = YES;
				IPHONEOS_DEPLOYMENT_TARGET = 7.0;
				ONLY_ACTIVE_ARCH = YES;
				SDKROOT = iphoneos;
				TARGETED_DEVICE_FAMILY = "1,2";
			};
			name = Debug;
		};
		DD0C081E19083B6B00E7D6B2 /* Release */ = {
			isa = XCBuildConfiguration;
			buildSettings = {
				ALWAYS_SEARCH_USER_PATHS = NO;
				CLANG_CXX_LANGUAGE_STANDARD = "gnu++0x";
				CLANG_CXX_LIBRARY = "libc++";
				CLANG_ENABLE_MODULES = YES;
				CLANG_ENABLE_OBJC_ARC = YES;
				CLANG_WARN_BOOL_CONVERSION = YES;
				CLANG_WARN_CONSTANT_CONVERSION = YES;
				CLANG_WARN_DIRECT_OBJC_ISA_USAGE = YES_ERROR;
				CLANG_WARN_EMPTY_BODY = YES;
				CLANG_WARN_ENUM_CONVERSION = YES;
				CLANG_WARN_INT_CONVERSION = YES;
				CLANG_WARN_OBJC_ROOT_CLASS = YES_ERROR;
				CLANG_WARN__DUPLICATE_METHOD_MATCH = YES;
				"CODE_SIGN_IDENTITY[sdk=iphoneos*]" = "iPhone Developer";
				COPY_PHASE_STRIP = YES;
				ENABLE_NS_ASSERTIONS = NO;
				GCC_C_LANGUAGE_STANDARD = gnu99;
				GCC_WARN_64_TO_32_BIT_CONVERSION = YES;
				GCC_WARN_ABOUT_RETURN_TYPE = YES_ERROR;
				GCC_WARN_UNDECLARED_SELECTOR = YES;
				GCC_WARN_UNINITIALIZED_AUTOS = YES_AGGRESSIVE;
				GCC_WARN_UNUSED_FUNCTION = YES;
				GCC_WARN_UNUSED_VARIABLE = YES;
				IPHONEOS_DEPLOYMENT_TARGET = 7.0;
				SDKROOT = iphoneos;
				TARGETED_DEVICE_FAMILY = "1,2";
				VALIDATE_PRODUCT = YES;
			};
			name = Release;
		};
		DD0C082019083B6B00E7D6B2 /* Debug */ = {
			isa = XCBuildConfiguration;
			buildSettings = {
				ASSETCATALOG_COMPILER_APPICON_NAME = AppIcon;
				ASSETCATALOG_COMPILER_LAUNCHIMAGE_NAME = LaunchImage;
				GCC_PRECOMPILE_PREFIX_HEADER = YES;
				GCC_PREFIX_HEADER = "VectorKit/VectorKit-Prefix.pch";
				HEADER_SEARCH_PATHS = (
					"$(inherited)",
					/Applications/Xcode.app/Contents/Developer/Toolchains/XcodeDefault.xctoolchain/usr/include,
					../llmr.native/include,
					"../llmr.native/mapnik-packaging/osx/out/build-cpp11-libcpp-universal/include",
				);
				INFOPLIST_FILE = "VectorKit/VectorKit-Info.plist";
				LIBRARY_SEARCH_PATHS = (
					"$(inherited)",
					"/Users/incanus/Documents/Projects/Mapbox/vector/llmr.native/build/Debug-iphoneos",
					"/Users/incanus/Documents/Projects/Mapbox/vector/llmr.native/mapnik-packaging/osx/out/build-cpp11-libcpp-universal/lib",
				);
				PRODUCT_NAME = "$(TARGET_NAME)";
				WRAPPER_EXTENSION = app;
			};
			name = Debug;
		};
		DD0C082119083B6B00E7D6B2 /* Release */ = {
			isa = XCBuildConfiguration;
			buildSettings = {
				ASSETCATALOG_COMPILER_APPICON_NAME = AppIcon;
				ASSETCATALOG_COMPILER_LAUNCHIMAGE_NAME = LaunchImage;
				GCC_PRECOMPILE_PREFIX_HEADER = YES;
				GCC_PREFIX_HEADER = "VectorKit/VectorKit-Prefix.pch";
				HEADER_SEARCH_PATHS = (
					"$(inherited)",
					/Applications/Xcode.app/Contents/Developer/Toolchains/XcodeDefault.xctoolchain/usr/include,
					../llmr.native/include,
					"../llmr.native/mapnik-packaging/osx/out/build-cpp11-libcpp-universal/include",
				);
				INFOPLIST_FILE = "VectorKit/VectorKit-Info.plist";
				LIBRARY_SEARCH_PATHS = (
					"$(inherited)",
					"/Users/incanus/Documents/Projects/Mapbox/vector/llmr.native/build/Debug-iphoneos",
					"/Users/incanus/Documents/Projects/Mapbox/vector/llmr.native/mapnik-packaging/osx/out/build-cpp11-libcpp-universal/lib",
				);
				PRODUCT_NAME = "$(TARGET_NAME)";
				WRAPPER_EXTENSION = app;
			};
			name = Release;
		};
/* End XCBuildConfiguration section */

/* Begin XCConfigurationList section */
		DD0C07E519083B6A00E7D6B2 /* Build configuration list for PBXProject "VectorKit" */ = {
			isa = XCConfigurationList;
			buildConfigurations = (
				DD0C081D19083B6B00E7D6B2 /* Debug */,
				DD0C081E19083B6B00E7D6B2 /* Release */,
			);
			defaultConfigurationIsVisible = 0;
			defaultConfigurationName = Release;
		};
		DD0C081F19083B6B00E7D6B2 /* Build configuration list for PBXNativeTarget "VectorKit" */ = {
			isa = XCConfigurationList;
			buildConfigurations = (
				DD0C082019083B6B00E7D6B2 /* Debug */,
				DD0C082119083B6B00E7D6B2 /* Release */,
			);
			defaultConfigurationIsVisible = 0;
			defaultConfigurationName = Release;
		};
/* End XCConfigurationList section */
	};
	rootObject = DD0C07E219083B6A00E7D6B2 /* Project object */;
}
